
Microsoft Visual Studio Solution File, Format Version 12.00
# Visual Studio Version 16
VisualStudioVersion = 16.0.30503.244
MinimumVisualStudioVersion = 10.0.40219.1
Project("{FAE04EC0-301F-11D3-BF4B-00C04F79EFBC}") = "GoogleMapsWebAPI", "GoogleMapsWebAPI\GoogleMapsWebAPI.csproj", "{11848185-E064-4CAE-82E9-D2759901F06A}"
EndProject
Global
	GlobalSection(SolutionConfigurationPlatforms) = preSolution
		Debug|Any CPU = Debug|Any CPU
		Release|Any CPU = Release|Any CPU
	EndGlobalSection
	GlobalSection(ProjectConfigurationPlatforms) = postSolution
		{11848185-E064-4CAE-82E9-D2759901F06A}.Debug|Any CPU.ActiveCfg = Debug|Any CPU
		{11848185-E064-4CAE-82E9-D2759901F06A}.Debug|Any CPU.Build.0 = Debug|Any CPU
		{11848185-E064-4CAE-82E9-D2759901F06A}.Release|Any CPU.ActiveCfg = Release|Any CPU
		{11848185-E064-4CAE-82E9-D2759901F06A}.Release|Any CPU.Build.0 = Release|Any CPU
	EndGlobalSection
	GlobalSection(SolutionProperties) = preSolution
		HideSolutionNode = FALSE
	EndGlobalSection
	GlobalSection(ExtensibilityGlobals) = postSolution
		SolutionGuid = {EF01F87F-1F2E-4253-857E-85F4B5557302}
	EndGlobalSection
EndGlobal
